{
  "version": "4",
  "specifiers": {
    "jsr:@openai/openai@^4.82.0": "4.82.0",
    "jsr:@supabase/functions-js@*": "2.4.4",
    "npm:node-mailjet@^6.0.6": "6.0.6",
    "npm:zod@3": "3.24.1",
    "npm:zod@^3.24.1": "3.24.1"
  },
  "jsr": {
    "@openai/openai@4.82.0": {
      "integrity": "823f5d77188af2f019d44f41db17cfef039c5443960d30a4559b4cf28222f316",
      "dependencies": [
        "npm:zod@3"
      ]
    },
    "@supabase/functions-js@2.4.4": {
      "integrity": "38456509a6e22fb116b118464cbb36357256f9048d3580632b63af91f63769f7"
    }
  },
  "npm": {
    "asynckit@0.4.0": {
      "integrity": "sha512-Oei9OH4tRh0YqU3GxhX79dM/mwVgvbZJaSNaRk+bshkj0S5cfHcgYakreBjrHwatXKbz+IoIdYLxrKim2MjW0Q=="
    },
    "axios@1.7.4": {
      "integrity": "sha512-DukmaFRnY6AzAALSH4J2M3k6PkaC+MfaAGdEERRWcC9q3/TWQwLpHR8ZRLKTdQ3aBDL64EdluRDjJqKw+BPZEw==",
      "dependencies": [
        "follow-redirects",
        "form-data",
        "proxy-from-env"
      ]
    },
    "bignumber.js@9.1.2": {
      "integrity": "sha512-2/mKyZH9K85bzOEfhXDBFZTGd1CTs+5IHpeFQo9luiBG7hghdC851Pj2WAhb6E3R6b9tZj/XKhbg4fum+Kepug=="
    },
    "combined-stream@1.0.8": {
      "integrity": "sha512-FQN4MRfuJeHf7cBbBMJFXhKSDq+2kAArBlmRBvcvFE5BB1HZKXtSFASDhdlz9zOYwxh8lDdnvmMOe/+5cdoEdg==",
      "dependencies": [
        "delayed-stream"
      ]
    },
    "delayed-stream@1.0.0": {
      "integrity": "sha512-ZySD7Nf91aLB0RxL4KGrKHBXl7Eds1DAmEdcoVawXnLD7SDhpNgtuII2aAkg7a7QS41jxPSZ17p4VdGnMHk3MQ=="
    },
    "follow-redirects@1.15.9": {
      "integrity": "sha512-gew4GsXizNgdoRyqmyfMHyAmXsZDk6mHkSxZFCzW9gwlbtOW44CDtYavM+y+72qD/Vq2l550kMF52DT8fOLJqQ=="
    },
    "form-data@4.0.1": {
      "integrity": "sha512-tzN8e4TX8+kkxGPK8D5u0FNmjPUjw3lwC9lSLxxoB/+GtsJG91CO8bSWy73APlgAZzZbXEYZJuxjkHH2w+Ezhw==",
      "dependencies": [
        "asynckit",
        "combined-stream",
        "mime-types"
      ]
    },
    "json-bigint@1.0.0": {
      "integrity": "sha512-SiPv/8VpZuWbvLSMtTDU8hEfrZWg/mH/nV/b4o0CYbSxu1UIQPLdwKOCIyLQX+VIPO5vrLX3i8qtqFyhdPSUSQ==",
      "dependencies": [
        "bignumber.js"
      ]
    },
    "mime-db@1.52.0": {
      "integrity": "sha512-sPU4uV7dYlvtWJxwwxHD0PuihVNiE7TyAbQ5SWxDCB9mUYvOgroQOwYQQOKPJ8CIbE+1ETVlOoK1UC2nU3gYvg=="
    },
    "mime-types@2.1.35": {
      "integrity": "sha512-ZDY+bPm5zTTF+YpCrAU9nK0UgICYPT0QtT1NZWFv4s++TNkcgVaT0g6+4R2uI4MjQjzysHB1zxuWL50hzaeXiw==",
      "dependencies": [
        "mime-db"
      ]
    },
    "node-mailjet@6.0.6": {
      "integrity": "sha512-cr8ciqtHuxyFd3+3bpDy+oKuNzctZfRQZtwRjurVAzE+DZLTfyxjgD+GTqQ1kr0ClAjDjSh3ERlZvd5MV0fKHg==",
      "dependencies": [
        "axios",
        "json-bigint",
        "url-join"
      ]
    },
    "proxy-from-env@1.1.0": {
      "integrity": "sha512-D+zkORCbA9f1tdWRK0RaCR3GPv50cMxcrz4X8k5LTSUD1Dkw47mKJEZQNunItRTkWwgtaUSo1RVFRIG9ZXiFYg=="
    },
    "url-join@4.0.1": {
      "integrity": "sha512-jk1+QP6ZJqyOiuEI9AEWQfju/nB2Pw466kbA0LEZljHwKeMgd9WrAEgEGxjPDD2+TNbbb37rTyhEfrCXfuKXnA=="
    },
    "zod@3.24.1": {
      "integrity": "sha512-muH7gBL9sI1nciMZV67X5fTKKBLtwpZ5VBp1vsOQzj1MhrBZ4wlVCm3gedKZWLp0Oyel8sIGfeiz54Su+OVT+A=="
    }
  },
  "remote": {
    "https://esm.sh/common-tags@1.8.2": "f7df1e2eea8b9593aca5cab7efe52ce953c147c2a5e866239207b6a15b0ce489",
    "https://esm.sh/common-tags@1.8.2/denonext/common-tags.mjs": "74a5d9fd9310f155ee8d148c02a773dc22a8e8901cb9653019dc5400eea6a6c4",
    "https://esm.sh/openai@4.82.0": "7e851a90d7dcbbfaeaba247299dff83cfffe57915602f66e85a5af2b4de3c244",
    "https://esm.sh/openai@4.82.0/denonext/_shims/MultipartBody.mjs": "cdfe606c8bfb8e635a6186f3066374999c02878901331277dbe65deeb79dbec4",
    "https://esm.sh/openai@4.82.0/denonext/_shims/auto/runtime.mjs": "9427f8ef475f6e10adeff7cabdf45c985e7e2368f5891ec4cfeff16ca3aaf3b3",
    "https://esm.sh/openai@4.82.0/denonext/_shims/index.mjs": "56d5846c55d0f8a01c97e811b48c366a7ee96239e4157a211ce4ec44f753e38d",
    "https://esm.sh/openai@4.82.0/denonext/_shims/registry.mjs": "cf3b0e78b4526554fb1408afde181925f1e83c3957130d445a8e87c261888bc6",
    "https://esm.sh/openai@4.82.0/denonext/_shims/web-runtime.mjs": "845dbd0f944608c1084a005da99e58885fe6c124b7ef9280f3e3201f54334e07",
    "https://esm.sh/openai@4.82.0/denonext/_vendor/partial-json-parser/parser.mjs": "34783f1c1acb4d3b13f85ffb257abce5f39e66b6bd6d78e8bea708afdd950a9e",
    "https://esm.sh/openai@4.82.0/denonext/core.mjs": "f46f81deba9418ddfe0fbb245499e061c940e5c00e36320b62088d73bb883a42",
    "https://esm.sh/openai@4.82.0/denonext/error.mjs": "4f6efb28273d844b7ab948aad63e6aa41994be7e9bf7319512412c71f9976262",
    "https://esm.sh/openai@4.82.0/denonext/internal/decoders/line.mjs": "8fa94fbefe922b315bc14e278608971cd2bad94a85cc4689ea0c306c1f4c8207",
    "https://esm.sh/openai@4.82.0/denonext/internal/qs/formats.mjs": "8d44b24eab4d8c49dc78d669f1ed897e7144c981cfe0d015f07f6c608cd4d8fe",
    "https://esm.sh/openai@4.82.0/denonext/internal/qs/index.mjs": "e3d4121b4f1a73b36a2c9d9a94e0409e151ad828928314e923ba84496a3282c3",
    "https://esm.sh/openai@4.82.0/denonext/internal/qs/stringify.mjs": "9ce2169b2ac94b3fabde37ebe0163e8eac5562febd77debbee46621521c1132d",
    "https://esm.sh/openai@4.82.0/denonext/internal/qs/utils.mjs": "db07ff813d804f5caca54218b345692f69566ca4c765b2f6a221bfd97c8515b6",
    "https://esm.sh/openai@4.82.0/denonext/internal/stream-utils.mjs": "b6b74ba28aa2036e7eb7b4c7bdca07bca5efc51d946972eba5248883a11345d1",
    "https://esm.sh/openai@4.82.0/denonext/lib/AbstractChatCompletionRunner.mjs": "45f6c3f4277df2922e6a7f1c25ef4d42fc4927540b683ea06abd0c077e095102",
    "https://esm.sh/openai@4.82.0/denonext/lib/AssistantStream.mjs": "8fd39e2af2d4b3d8da896c3b0de118415b8d1bac47adb0ba631e50c25385346d",
    "https://esm.sh/openai@4.82.0/denonext/lib/ChatCompletionRunner.mjs": "f8d1d9678399110c0fa7a0555d6c00f65f9d922ba9e2c39d4596417283e6fda3",
    "https://esm.sh/openai@4.82.0/denonext/lib/ChatCompletionStream.mjs": "a76a251a2d6994bd88d9809fa307fffb4d2bd009b034991d3b12352aac848567",
    "https://esm.sh/openai@4.82.0/denonext/lib/ChatCompletionStreamingRunner.mjs": "7dd9a2232f620e605f9156f593c4d987c6765551fd82edfbf6f940d4596ff842",
    "https://esm.sh/openai@4.82.0/denonext/lib/EventStream.mjs": "b496b23e561a240040056bfe11418d717c6ac8931826fed874fcab1e4a216f41",
    "https://esm.sh/openai@4.82.0/denonext/lib/RunnableFunction.mjs": "6488994ac0eaf03e65e56b1105af95850f26bedcdd8242a6ad65597e74f3ee29",
    "https://esm.sh/openai@4.82.0/denonext/lib/Util.mjs": "fe9f1aadfe518ef5953c27a060ec5f339c9839c31f32f63a10a4a767c209a482",
    "https://esm.sh/openai@4.82.0/denonext/lib/chatCompletionUtils.mjs": "c4c5782e1cbf4690924b200eaa9099c46c9d3e2c0f992bc067941f4f0168f4dd",
    "https://esm.sh/openai@4.82.0/denonext/lib/parser.mjs": "1e898670f7979e81088afd8d4e6054a31b604e02879d76344bea2ac8d73cc06f",
    "https://esm.sh/openai@4.82.0/denonext/openai.mjs": "8a3a2b5e94fff51cb7c32a33c6231670ddc730476e5541bea6d206ba202bab5e",
    "https://esm.sh/openai@4.82.0/denonext/pagination.mjs": "0117ecaf1e3a1fe81b818d7266d91f2a0c364602c45048f366c7071a19397e94",
    "https://esm.sh/openai@4.82.0/denonext/resource.mjs": "a423b91cc9dfb43cc6efa97211db5756e537d56898ea3bc6b2480c5820be0707",
    "https://esm.sh/openai@4.82.0/denonext/resources/audio/audio.mjs": "0e034b9695992960467c2d64f1e20eb567d47b2d6c4570c07eb664deac181920",
    "https://esm.sh/openai@4.82.0/denonext/resources/audio/speech.mjs": "40cd7ef2d81996f636cd3e06f45f2f01155aa50e8108d9174a5c7b6d2579c4ed",
    "https://esm.sh/openai@4.82.0/denonext/resources/audio/transcriptions.mjs": "8b26eebba1923e1f55b7728ac7512ea2791800c6bc57aa5217cd19099a8cccfa",
    "https://esm.sh/openai@4.82.0/denonext/resources/audio/translations.mjs": "32095c958f3aff47c3cd3d03d61f1a9e6946553eea2423f89335bd6508b9a82a",
    "https://esm.sh/openai@4.82.0/denonext/resources/batches.mjs": "4e57619325d7b62278b26ebc60cb18ad549705b0e34b56c08007a81f44e61dd9",
    "https://esm.sh/openai@4.82.0/denonext/resources/beta/assistants.mjs": "ee67f248101eed9945375eefa7313dcfae3cd073efbe4f694177d3c72df4f065",
    "https://esm.sh/openai@4.82.0/denonext/resources/beta/beta.mjs": "5df2338b33cf4d572f3c57e7e99d82a35ab5ad58732e69116e11307690cda9d9",
    "https://esm.sh/openai@4.82.0/denonext/resources/beta/chat/chat.mjs": "97ab00048d103a9bb694c9960fb900c645b2e2928165b0fb7dfd2f3e14b2eae8",
    "https://esm.sh/openai@4.82.0/denonext/resources/beta/chat/completions.mjs": "08e75fecf9790d25559a8137b54816ed7994ba68ed89ba3cbe3fa9d255a98266",
    "https://esm.sh/openai@4.82.0/denonext/resources/beta/realtime/realtime.mjs": "cafeab10f853521f1c89538bff11d6b5c1d4bd1cfc81b2b4dfee8df12ed325e4",
    "https://esm.sh/openai@4.82.0/denonext/resources/beta/realtime/sessions.mjs": "1d2989ee208b312a4987a70f3749a60e22e8bc058302cfae9233b8e5171c6ccf",
    "https://esm.sh/openai@4.82.0/denonext/resources/beta/threads/messages.mjs": "a135cb3efccbabb74847587b2ea5f4ba6cb0517a93bf10e4032cccb70d77af75",
    "https://esm.sh/openai@4.82.0/denonext/resources/beta/threads/runs/runs.mjs": "39bd9e4e3d081be3e5fc9aea809e457bcb1bced3bfdd9b2fa031fc2ceb086712",
    "https://esm.sh/openai@4.82.0/denonext/resources/beta/threads/runs/steps.mjs": "9d50bad877aef92d34abce46ab485e0fb28bc77ad6740f264131ee2d5d16099f",
    "https://esm.sh/openai@4.82.0/denonext/resources/beta/threads/threads.mjs": "bbc30de8bcffe0e6332f8c413c518a8a2a296a59b05755c0abec9029ce2bc7fd",
    "https://esm.sh/openai@4.82.0/denonext/resources/beta/vector-stores/file-batches.mjs": "8d788f7eb2b8a841b9856acbdcb8d317bfcfaa3ec0af521f68e28f62efc2661d",
    "https://esm.sh/openai@4.82.0/denonext/resources/beta/vector-stores/files.mjs": "96a43d7e11b1003ea8044d07ed030fed0d237b0cfc92f9f2704278725a3b2bc2",
    "https://esm.sh/openai@4.82.0/denonext/resources/beta/vector-stores/vector-stores.mjs": "d270084375466311105b3a510002abfff97822a367cae56e610c4b3bc2b0be09",
    "https://esm.sh/openai@4.82.0/denonext/resources/chat/chat.mjs": "4972e38af9af26213d77856d1882272373e30b3d7d1261c5350c2ed0f7723788",
    "https://esm.sh/openai@4.82.0/denonext/resources/chat/completions.mjs": "5283e22ec05e9cc3b4fb9063c204627cd7bf244718d39af8b0f8ba0cde23fc18",
    "https://esm.sh/openai@4.82.0/denonext/resources/chat/index.mjs": "a1a03c9a06a4bee42e9c6ff19bfedadaac98dfb652f83f9bdbb87e038e0689a8",
    "https://esm.sh/openai@4.82.0/denonext/resources/completions.mjs": "e24bbdc661a80e17c53d073a759d3c36e9d38325d6eabb21bb6b8b1726fad528",
    "https://esm.sh/openai@4.82.0/denonext/resources/embeddings.mjs": "f2da368dcf9afa28ee1155b36af45be129880a8decc9dd9c579e4c7a7b1dfb24",
    "https://esm.sh/openai@4.82.0/denonext/resources/files.mjs": "0a00dfe84b44cc328d0ded4e0431efbb8941eeb47c99282bd55b5c01b8e0e2ab",
    "https://esm.sh/openai@4.82.0/denonext/resources/fine-tuning/fine-tuning.mjs": "90ea8565b70ef339bd0e27da0bbbbdc5a4b98b6806d7afbe4402cb67cd7baf53",
    "https://esm.sh/openai@4.82.0/denonext/resources/fine-tuning/jobs/checkpoints.mjs": "7fb9819f6ab3c562073f25fd56fbbde68745949fd1be75cd1acc30281f6d7633",
    "https://esm.sh/openai@4.82.0/denonext/resources/fine-tuning/jobs/jobs.mjs": "5e7b6b8d42df1264ee4397e5e8f8a8b848f965f2957b29403443f2b6332f1679",
    "https://esm.sh/openai@4.82.0/denonext/resources/images.mjs": "e27900a871b23f0ea161a3b2c94c3c80d51f8ba13cf0226c77e20b72ae83f681",
    "https://esm.sh/openai@4.82.0/denonext/resources/index.mjs": "e9e40a9897cc69d399787d337a222c4040bfd1a0ffaaa171ab494bf3db9191ae",
    "https://esm.sh/openai@4.82.0/denonext/resources/models.mjs": "1192c71a7cd537ded61e8746df1f795d7dfea6e3a91ec87dc83210d7acc65166",
    "https://esm.sh/openai@4.82.0/denonext/resources/moderations.mjs": "3253f8743c9c200888eeaca7792a83847c3d7cb146e41385ad2abb6ba5df4eaf",
    "https://esm.sh/openai@4.82.0/denonext/resources/shared.mjs": "f24631d7d322a5485ee8242ae302b24615c3ac69306bc5ebea6b6dabbcdbf3da",
    "https://esm.sh/openai@4.82.0/denonext/resources/uploads/parts.mjs": "ca2acfc296b27a9a1925cccb696b350bed5a452458f1f28e5dbb15d411e9c7ca",
    "https://esm.sh/openai@4.82.0/denonext/resources/uploads/uploads.mjs": "20b2c8353778e5e3d545d4e46cb5114918887bae428a2b7423503fa475adc5ba",
    "https://esm.sh/openai@4.82.0/denonext/streaming.mjs": "41352dc5f63b9d551c8e14a0cba6c7ec6920e450633e98028613d99e249edc9f",
    "https://esm.sh/openai@4.82.0/denonext/uploads.mjs": "7ea8c01ee1bc338279325adfde44e2c7c2e37901293157be74eccd4cb52c0655",
    "https://esm.sh/openai@4.82.0/denonext/version.mjs": "47737ef5795b54c9be748c57d304a38b858f7618152f7f826449a3074a04e5a1"
  },
  "workspace": {
    "dependencies": [
      "jsr:@openai/openai@^4.82.0",
      "jsr:@supabase/functions-js@*",
      "npm:node-mailjet@^6.0.6",
      "npm:zod@^3.24.1"
    ]
  }
}
