{
  "version": "4",
  "remote": {
    "https://esm.sh/openai@4.81.0": "882760944d095ee542e7e5b7a5f584e00507d22250dbb9086f9a39e8301c67c0",
    "https://esm.sh/openai@4.81.0/denonext/_shims/MultipartBody.mjs": "942ad076d59c8303b4d260ebf5f608114208c7bd4e1d6750e9667cec6b5a4dc3",
    "https://esm.sh/openai@4.81.0/denonext/_shims/auto/runtime.mjs": "9da03b1e8ef8059dc9e742acf6cd8b8bcc5e287ff28716b9d1efd68d29323411",
    "https://esm.sh/openai@4.81.0/denonext/_shims/index.mjs": "1b89f924ccf824a1db4d9f69a4a4f103952d9d4a2657432f4c9078c0a188dda0",
    "https://esm.sh/openai@4.81.0/denonext/_shims/registry.mjs": "7c6764320d158e2521354f2b78cef3cd448f6b7fff69a8ac47d9c5223dd7a339",
    "https://esm.sh/openai@4.81.0/denonext/_shims/web-runtime.mjs": "2efbf5fd9e62559ab3b8b4ee343f1f9f97a44ce3142938a5d8eab345142d6e5b",
    "https://esm.sh/openai@4.81.0/denonext/_vendor/partial-json-parser/parser.mjs": "9f57b75d8f88fd15fcc3b54fa5a8c071ebba5490f5b2676fb90061c48fc74bc9",
    "https://esm.sh/openai@4.81.0/denonext/core.mjs": "bc3ff1c652c9c0b5296114ae49f1d7d0ce920249a4c749ce40b5db29f71715b3",
    "https://esm.sh/openai@4.81.0/denonext/error.mjs": "ea2a14b570abc15744e8467ddb8b9e4fde4eb393c07f4a6ef557494c0584e3a3",
    "https://esm.sh/openai@4.81.0/denonext/internal/decoders/line.mjs": "ba0ad09feba9c8d2765ca9221438841fd3fd0d768395008d29f595627fd68c94",
    "https://esm.sh/openai@4.81.0/denonext/internal/qs/formats.mjs": "64bf8b3e43278db9adf81c61f3853bd71aaeb5f1da8b7e89ccd2f05a6f248cd1",
    "https://esm.sh/openai@4.81.0/denonext/internal/qs/index.mjs": "bc5b8a4d83c6f385477936b8b284940b4e0c37d12bd8071cac20eff4a237b0aa",
    "https://esm.sh/openai@4.81.0/denonext/internal/qs/stringify.mjs": "b74f79c16c70caa8e8559995ebb2f543e86492fed16b093cb115287b262581df",
    "https://esm.sh/openai@4.81.0/denonext/internal/qs/utils.mjs": "6dc0eeeacde429aba785dafafe0dfba367aa18694a544686c0e65b0b0b8c974d",
    "https://esm.sh/openai@4.81.0/denonext/internal/stream-utils.mjs": "15717a01530efb755e06cbf351c2f2ee78f29e991bc333a4f69e6eeaa7e05453",
    "https://esm.sh/openai@4.81.0/denonext/lib/AbstractChatCompletionRunner.mjs": "b3eb0b2e4035ceb341fe4b78575737e1bb4e91400a3c70bb0bf56c186b75c105",
    "https://esm.sh/openai@4.81.0/denonext/lib/AssistantStream.mjs": "c249a2928fa322e1482e400254d6821c45f4f2912e9273f76c5b61aea89b85af",
    "https://esm.sh/openai@4.81.0/denonext/lib/ChatCompletionRunner.mjs": "86acf13b7a8af08ba1940bd4c44fe7110a1020272b158bbe68eff1934c786fef",
    "https://esm.sh/openai@4.81.0/denonext/lib/ChatCompletionStream.mjs": "7062ab489c6c5f588df681a5fe53047997bd81d69028a4d5043f212e86976c38",
    "https://esm.sh/openai@4.81.0/denonext/lib/ChatCompletionStreamingRunner.mjs": "70fea05cef556d62535af1a975f8b8eb19e95549e82364befbd441f0b0f2efc6",
    "https://esm.sh/openai@4.81.0/denonext/lib/EventStream.mjs": "de03ed1b0167474fc7dd84d7332b82b2b99f1e8b97b3ca26803b1667c5120648",
    "https://esm.sh/openai@4.81.0/denonext/lib/RunnableFunction.mjs": "14a868e7745c751386dd44adc4b3cad0c27bd75fa477d5ac75ee336012e02427",
    "https://esm.sh/openai@4.81.0/denonext/lib/Util.mjs": "7ee65213c271a303474a3a0528405c7eaf3a94a9cda0e9372ac5a8b400a1a259",
    "https://esm.sh/openai@4.81.0/denonext/lib/chatCompletionUtils.mjs": "7fc2b173e3d9a08bae8fbdbadb4b8225d89e04fa8c861fa043e489cd8846b2b2",
    "https://esm.sh/openai@4.81.0/denonext/lib/parser.mjs": "3336d1d30435d67de03f9a48289b9f8f3e3bf185cb8023eb45119646fb19c2b6",
    "https://esm.sh/openai@4.81.0/denonext/openai.mjs": "f895ab7975cf4f8cff71b0751a6ea775ed18894013fa592485c4419a58801d23",
    "https://esm.sh/openai@4.81.0/denonext/pagination.mjs": "305b6cbda9b5d782a226f77eeb44a0f3fb4424458d79bb37470639eef059f44b",
    "https://esm.sh/openai@4.81.0/denonext/resource.mjs": "843a275574ca7a213deb25c47837ec1b5c844c01c271f05d464fa0199cf073c6",
    "https://esm.sh/openai@4.81.0/denonext/resources/audio/audio.mjs": "a15a2b2b804384fe1b3c01d8c00a1743b3c25f880b8b595df13954a11f5571c9",
    "https://esm.sh/openai@4.81.0/denonext/resources/audio/speech.mjs": "ebf6a167ba2dbc869d903e01f512ede6293526465f4b617d520b9e4b175abfa7",
    "https://esm.sh/openai@4.81.0/denonext/resources/audio/transcriptions.mjs": "daeddc79daae67c511b10743e3bd2ac1725c2cdbd175909150133d79e1f71fa0",
    "https://esm.sh/openai@4.81.0/denonext/resources/audio/translations.mjs": "f52d34bd602095713f4d7c98e4f9b632abf754fda9e243ccfae31c3eda516224",
    "https://esm.sh/openai@4.81.0/denonext/resources/batches.mjs": "8737eef0d8459320923ce7cf2cf69c790abc7b08013ff76269a81b27947dce80",
    "https://esm.sh/openai@4.81.0/denonext/resources/beta/assistants.mjs": "d3089b7a1bc810e8951392e6b7f21587f853ca1bf600aef797c5a0ba35449a17",
    "https://esm.sh/openai@4.81.0/denonext/resources/beta/beta.mjs": "fa5588b05b1e2de1eb5db7a2c828bc5041c5c19d43d46d1163e70a1db74db314",
    "https://esm.sh/openai@4.81.0/denonext/resources/beta/chat/chat.mjs": "101cdb4bb0b62d3bab273dee51ee7cc1eb05733ea2cffc6e53230d1fd6bd3fc9",
    "https://esm.sh/openai@4.81.0/denonext/resources/beta/chat/completions.mjs": "3761e5caa6aa358ae8728a03cf5cad0eb37a5ba6c06242ff335d12f3734593a5",
    "https://esm.sh/openai@4.81.0/denonext/resources/beta/realtime/realtime.mjs": "9a839c97e1865e284dda4f211151844b32780ffee2a3ae270c6333e2fce1bb43",
    "https://esm.sh/openai@4.81.0/denonext/resources/beta/realtime/sessions.mjs": "11ff7c795e242dd1553f6672cae3118ddc20c75ea5b991ab5c5d4a307e266e29",
    "https://esm.sh/openai@4.81.0/denonext/resources/beta/threads/messages.mjs": "aa9c5bf4b19fc6c4da7dc13b65770ae8d998ca30f0687f008b4cbf55f3345f7e",
    "https://esm.sh/openai@4.81.0/denonext/resources/beta/threads/runs/runs.mjs": "56056de081ca3b768fa2bd5880c99dceadd0c36f437e6de1a07229e232547cdf",
    "https://esm.sh/openai@4.81.0/denonext/resources/beta/threads/runs/steps.mjs": "a00b4d386db1835b0718ee350d4959c2eb24f7ce7015e149a85ba2beec1f1b0e",
    "https://esm.sh/openai@4.81.0/denonext/resources/beta/threads/threads.mjs": "1fcc03445fb7c31d5e3f0fe078eeb50274af639cb9b48477b6e66341e6a285e3",
    "https://esm.sh/openai@4.81.0/denonext/resources/beta/vector-stores/file-batches.mjs": "39a93b17d0edee01492019dcdaab96a5af94a6f6a1050236f0f18b0aad87f7c0",
    "https://esm.sh/openai@4.81.0/denonext/resources/beta/vector-stores/files.mjs": "8fcf1de4b67b325d89a4fdeb027a9c2f041bd07c0a2885c6d8c5662d007e97d4",
    "https://esm.sh/openai@4.81.0/denonext/resources/beta/vector-stores/vector-stores.mjs": "94d14bee92c41ed1f0786307cb8cb1303fccee5a9150a2aa2b506fb73aba9aaf",
    "https://esm.sh/openai@4.81.0/denonext/resources/chat/chat.mjs": "376c2600b166b5fa8f7b016cd7f55d42a34b87373fd893f739859fcba74a947c",
    "https://esm.sh/openai@4.81.0/denonext/resources/chat/completions.mjs": "f94345042121ce852d2a4d77debafa93ac4ddca247348efcc476f1a9ce7eba3f",
    "https://esm.sh/openai@4.81.0/denonext/resources/chat/index.mjs": "cb8a8ef587014db6055b1e1bb870cfd7a11ad8b00f805c0c63eb371fc61ed017",
    "https://esm.sh/openai@4.81.0/denonext/resources/completions.mjs": "4dd6c7a30b6e012bbd8a48d45e1d1b0ddbe16a34a98fe967384ab59dbb128f13",
    "https://esm.sh/openai@4.81.0/denonext/resources/embeddings.mjs": "6e1846f259589d4161e4f339ba9485847f276c8c347e38637600c4c41644fe84",
    "https://esm.sh/openai@4.81.0/denonext/resources/files.mjs": "54ab394574977eee856a7f00787d9b6fd2454751bb7000bc75bdeb3cb812885a",
    "https://esm.sh/openai@4.81.0/denonext/resources/fine-tuning/fine-tuning.mjs": "c70873dd3d9f77453bc486b53e9fe8e1b52f1b57f8f8fbf05b30c8de0c56dcc8",
    "https://esm.sh/openai@4.81.0/denonext/resources/fine-tuning/jobs/checkpoints.mjs": "c088111fb9bc4833450b98b8b11372387378a4938c0793694744dca2366a00b6",
    "https://esm.sh/openai@4.81.0/denonext/resources/fine-tuning/jobs/jobs.mjs": "1c967d064b1af8f52da83aa43e566f6ae3520303edb10892cc02ab4d425f263a",
    "https://esm.sh/openai@4.81.0/denonext/resources/images.mjs": "3992548898e9e55e33b9a120c97033c0dfd65c8e469dcd382bfde183832f3e7c",
    "https://esm.sh/openai@4.81.0/denonext/resources/index.mjs": "74f58a3164ea44569148d390d7b0a553ce93346a79fe177160edf78f31243001",
    "https://esm.sh/openai@4.81.0/denonext/resources/models.mjs": "f4f9deba8d5586b34032f2eb0999b2cf84cf13c4cca5e1f6f5f86954ceb397a7",
    "https://esm.sh/openai@4.81.0/denonext/resources/moderations.mjs": "bd0622d4b00a1875dcc036164c782df1020bac967340221c8d1a736e1f92eec6",
    "https://esm.sh/openai@4.81.0/denonext/resources/shared.mjs": "9f5307f7ef727f1cb2f037d8aa7ffda53ca34caddd18a3bafe944bde7c0d623c",
    "https://esm.sh/openai@4.81.0/denonext/resources/uploads/parts.mjs": "b96619eb605e93c32dfabf09d1f9b0e8c3565ac5e3decbe16184452008f4b894",
    "https://esm.sh/openai@4.81.0/denonext/resources/uploads/uploads.mjs": "9713df3bf5c225ac4bfb24bcc89dcffba388f5d1f4bd7ef1ea5e5e5c5cba9176",
    "https://esm.sh/openai@4.81.0/denonext/streaming.mjs": "9fc487aeeb1182d1ba0c6829b48fadc5717e175b57dfaa826d1306f9df9f36b0",
    "https://esm.sh/openai@4.81.0/denonext/uploads.mjs": "f0939d1af6e33876c100efba624b66ddb1e03d3febf9f837e30447f67d368e35",
    "https://esm.sh/openai@4.81.0/denonext/version.mjs": "539220d39a52229efa248bb7bfc0c36eb229513b63b1c194b1de7632276104c1"
  },
  "workspace": {
    "packageJson": {
      "dependencies": [
        "npm:@eslint/js@^9.19.0",
        "npm:@fontsource-variable/inter@^5.1.1",
        "npm:@fontsource-variable/source-serif-4@^5.1.1",
        "npm:@fontsource/poppins@^5.1.1",
        "npm:@fontsource/source-sans-pro@^5.1.0",
        "npm:@hookform/resolvers@^3.10.0",
        "npm:@radix-ui/react-dropdown-menu@^2.1.5",
        "npm:@radix-ui/react-label@^2.1.1",
        "npm:@radix-ui/react-navigation-menu@^1.2.4",
        "npm:@radix-ui/react-popover@^1.1.5",
        "npm:@radix-ui/react-slot@^1.1.1",
        "npm:@radix-ui/react-toast@^1.2.5",
        "npm:@radix-ui/react-tooltip@^1.1.7",
        "npm:@supabase/auth-ui-react@~0.4.7",
        "npm:@supabase/auth-ui-shared@~0.1.8",
        "npm:@supabase/supabase-js@^2.48.1",
        "npm:@tailwindcss/postcss@4",
        "npm:@tailwindcss/typography@~0.5.16",
        "npm:@tailwindcss/vite@^4.0.1",
        "npm:@tanstack/react-form@~0.40.4",
        "npm:@tanstack/react-router@^1.98.3",
        "npm:@tanstack/router-devtools@^1.98.3",
        "npm:@tanstack/router-plugin@^1.98.3",
        "npm:@tiptap/extension-highlight@^2.11.4",
        "npm:@tiptap/extension-link@^2.11.4",
        "npm:@tiptap/extension-typography@^2.11.4",
        "npm:@tiptap/pm@^2.11.4",
        "npm:@tiptap/react@^2.11.4",
        "npm:@tiptap/starter-kit@^2.11.4",
        "npm:@types/node@^22.12.0",
        "npm:@types/react-dom@^18.3.5",
        "npm:@types/react@^18.3.18",
        "npm:@vitejs/plugin-react@^4.3.4",
        "npm:class-variance-authority@~0.7.1",
        "npm:clsx@^2.1.1",
        "npm:eslint-plugin-react-hooks@^5.1.0",
        "npm:eslint-plugin-react-refresh@~0.4.18",
        "npm:eslint@^9.19.0",
        "npm:globals@^15.14.0",
        "npm:lucide-react@0.474",
        "npm:postcss@^8.5.1",
        "npm:react-dom@^18.3.1",
        "npm:react-hook-form@^7.54.2",
        "npm:react@^18.3.1",
        "npm:tailwind-merge@^2.6.0",
        "npm:tailwindcss-animate@^1.0.7",
        "npm:tailwindcss@^4.0.1",
        "npm:typescript-eslint@^8.22.0",
        "npm:typescript@~5.7.3",
        "npm:vite@^6.0.11",
        "npm:zod@^3.24.1",
        "npm:zustand@^5.0.3"
      ]
    }
  }
}
